{
  "name": "dsh-hermes-link-monorepo",
  "version": "0.0.0",
  "lockfileVersion": 3,
  "requires": true,
  "packages": {
    "": {
      "name": "dsh-hermes-link-monorepo",
      "version": "0.0.0",
      "license": "MIT",
      "workspaces": [
        "packages/*"
      ],
      "engines": {
        "node": ">=22.13.0"
      }
    },
    "node_modules/@tianbuyu-wwx/dsh-hermes-link": {
      "resolved": "packages/dsh-hermes-link",
      "link": true
    },
    "packages/dsh-hermes-link": {
      "name": "@tianbuyu-wwx/dsh-hermes-link",
      "version": "0.3.6",
      "cpu": [
        "x64",
        "arm64"
      ],
      "license": "MIT",
      "os": [
        "win32",
        "darwin",
        "linux"
      ],
      "engines": {
        "node": ">=22.13.0"
      }
    }
  }
}
